
Microsoft Visual Studio Solution File, Format Version 12.00
# Visual Studio Version 17
VisualStudioVersion = 17.5.33530.505
MinimumVisualStudioVersion = 10.0.40219.1
Project("{2150E333-8FDC-42A3-9474-1A3956D46DE8}") = "Tests", "Tests", "{62999EEB-963C-4DB6-8865-8E16602D3E17}"
EndProject
Project("{2150E333-8FDC-42A3-9474-1A3956D46DE8}") = "src", "src", "{5561BEBC-BAE5-4400-B571-1743F9708967}"
EndProject
Project("{2150E333-8FDC-42A3-9474-1A3956D46DE8}") = "Core", "Core", "{58A3F9F0-70F9-4F45-AC2E-4781EF87848F}"
EndProject
Project("{2150E333-8FDC-42A3-9474-1A3956D46DE8}") = "UI", "UI", "{908B52B8-D238-48CE-B9B4-0472170776F4}"
EndProject
Project("{2150E333-8FDC-42A3-9474-1A3956D46DE8}") = "Infrastructure", "Infrastructure", "{F148B9DE-8C63-4F1D-8FF4-66CD712BB097}"
EndProject
Project("{2150E333-8FDC-42A3-9474-1A3956D46DE8}") = "API", "API", "{4CC0D086-B0E4-406F-87E9-9292CBD19374}"
EndProject
Project("{FAE04EC0-301F-11D3-BF4B-00C04F79EFBC}") = "HR.LeaveManagement.Domain", "HR.LeaveManagement.Domain\HR.LeaveManagement.Domain.csproj", "{A50F2CCA-7FED-4A74-999F-9C6AABDFD5C0}"
EndProject
Project("{FAE04EC0-301F-11D3-BF4B-00C04F79EFBC}") = "HR.LeaveManagement.Application", "HR.LeaveManagement.Application\HR.LeaveManagement.Application.csproj", "{3A6CE46D-E910-48EB-BB81-06565F025AC4}"
EndProject
Global
	GlobalSection(SolutionConfigurationPlatforms) = preSolution
		Debug|Any CPU = Debug|Any CPU
		Release|Any CPU = Release|Any CPU
	EndGlobalSection
	GlobalSection(ProjectConfigurationPlatforms) = postSolution
		{A50F2CCA-7FED-4A74-999F-9C6AABDFD5C0}.Debug|Any CPU.ActiveCfg = Debug|Any CPU
		{A50F2CCA-7FED-4A74-999F-9C6AABDFD5C0}.Debug|Any CPU.Build.0 = Debug|Any CPU
		{A50F2CCA-7FED-4A74-999F-9C6AABDFD5C0}.Release|Any CPU.ActiveCfg = Release|Any CPU
		{A50F2CCA-7FED-4A74-999F-9C6AABDFD5C0}.Release|Any CPU.Build.0 = Release|Any CPU
		{3A6CE46D-E910-48EB-BB81-06565F025AC4}.Debug|Any CPU.ActiveCfg = Debug|Any CPU
		{3A6CE46D-E910-48EB-BB81-06565F025AC4}.Debug|Any CPU.Build.0 = Debug|Any CPU
		{3A6CE46D-E910-48EB-BB81-06565F025AC4}.Release|Any CPU.ActiveCfg = Release|Any CPU
		{3A6CE46D-E910-48EB-BB81-06565F025AC4}.Release|Any CPU.Build.0 = Release|Any CPU
	EndGlobalSection
	GlobalSection(SolutionProperties) = preSolution
		HideSolutionNode = FALSE
	EndGlobalSection
	GlobalSection(NestedProjects) = preSolution
		{58A3F9F0-70F9-4F45-AC2E-4781EF87848F} = {5561BEBC-BAE5-4400-B571-1743F9708967}
		{908B52B8-D238-48CE-B9B4-0472170776F4} = {5561BEBC-BAE5-4400-B571-1743F9708967}
		{F148B9DE-8C63-4F1D-8FF4-66CD712BB097} = {5561BEBC-BAE5-4400-B571-1743F9708967}
		{4CC0D086-B0E4-406F-87E9-9292CBD19374} = {5561BEBC-BAE5-4400-B571-1743F9708967}
		{A50F2CCA-7FED-4A74-999F-9C6AABDFD5C0} = {58A3F9F0-70F9-4F45-AC2E-4781EF87848F}
		{3A6CE46D-E910-48EB-BB81-06565F025AC4} = {58A3F9F0-70F9-4F45-AC2E-4781EF87848F}
	EndGlobalSection
	GlobalSection(ExtensibilityGlobals) = postSolution
		SolutionGuid = {C330584C-136B-4664-B11D-11FB8131E5FD}
	EndGlobalSection
EndGlobal
